
Microsoft Visual Studio Solution File, Format Version 12.00
# Visual Studio Version 17
VisualStudioVersion = 17.0.31903.59
MinimumVisualStudioVersion = 10.0.40219.1
Project("{2150E333-8FDC-42A3-9474-1A3956D46DE8}") = "src", "src", "{827E0CD3-B72D-47B6-A68D-7590B98EB39B}"
EndProject
Project("{FAE04EC0-301F-11D3-BF4B-00C04F79EFBC}") = "CodeBeaker.Core", "src\CodeBeaker.Core\CodeBeaker.Core.csproj", "{BCBB0573-B07A-4787-8BC4-5CD0E8E4582C}"
EndProject
Project("{FAE04EC0-301F-11D3-BF4B-00C04F79EFBC}") = "CodeBeaker.Runtimes", "src\CodeBeaker.Runtimes\CodeBeaker.Runtimes.csproj", "{0DC83335-AEF0-4AB3-A23A-315646A38C3B}"
EndProject
Project("{FAE04EC0-301F-11D3-BF4B-00C04F79EFBC}") = "CodeBeaker.API", "src\CodeBeaker.API\CodeBeaker.API.csproj", "{4EC7A603-C952-420F-A070-243FF4041E51}"
EndProject
Project("{FAE04EC0-301F-11D3-BF4B-00C04F79EFBC}") = "CodeBeaker.Worker", "src\CodeBeaker.Worker\CodeBeaker.Worker.csproj", "{3ED11ED5-CD42-45EB-88B4-396CB4090C64}"
EndProject
Project("{2150E333-8FDC-42A3-9474-1A3956D46DE8}") = "tests", "tests", "{0AB3BF05-4346-4AA6-1389-037BE0695223}"
EndProject
Project("{FAE04EC0-301F-11D3-BF4B-00C04F79EFBC}") = "CodeBeaker.Core.Tests", "tests\CodeBeaker.Core.Tests\CodeBeaker.Core.Tests.csproj", "{983BF175-C7E2-415F-8242-7DC6318369C6}"
EndProject
Project("{FAE04EC0-301F-11D3-BF4B-00C04F79EFBC}") = "CodeBeaker.Runtimes.Tests", "tests\CodeBeaker.Runtimes.Tests\CodeBeaker.Runtimes.Tests.csproj", "{1A455F83-827D-4DAE-AF23-433EBF754118}"
EndProject
Project("{FAE04EC0-301F-11D3-BF4B-00C04F79EFBC}") = "CodeBeaker.Integration.Tests", "tests\CodeBeaker.Integration.Tests\CodeBeaker.Integration.Tests.csproj", "{C52540A1-6F86-41AF-AFE4-5C59FCEB4F9D}"
EndProject
Project("{2150E333-8FDC-42A3-9474-1A3956D46DE8}") = "benchmarks", "benchmarks", "{66320409-64EC-F7C5-3DEF-65E7510DAAD1}"
EndProject
Project("{FAE04EC0-301F-11D3-BF4B-00C04F79EFBC}") = "CodeBeaker.Benchmarks", "benchmarks\CodeBeaker.Benchmarks\CodeBeaker.Benchmarks.csproj", "{549FFB80-17F0-4428-80A3-9E06E12F7CF0}"
EndProject
Project("{FAE04EC0-301F-11D3-BF4B-00C04F79EFBC}") = "CodeBeaker.JsonRpc", "src\CodeBeaker.JsonRpc\CodeBeaker.JsonRpc.csproj", "{C7DD6327-737F-4787-B74D-B85A58C307E1}"
EndProject
Project("{FAE04EC0-301F-11D3-BF4B-00C04F79EFBC}") = "CodeBeaker.Commands", "src\CodeBeaker.Commands\CodeBeaker.Commands.csproj", "{B1B7272B-8D13-453E-A65A-DE0FC6AFF821}"
EndProject
Global
	GlobalSection(SolutionConfigurationPlatforms) = preSolution
		Debug|Any CPU = Debug|Any CPU
		Debug|x64 = Debug|x64
		Debug|x86 = Debug|x86
		Release|Any CPU = Release|Any CPU
		Release|x64 = Release|x64
		Release|x86 = Release|x86
	EndGlobalSection
	GlobalSection(ProjectConfigurationPlatforms) = postSolution
		{BCBB0573-B07A-4787-8BC4-5CD0E8E4582C}.Debug|Any CPU.ActiveCfg = Debug|Any CPU
		{BCBB0573-B07A-4787-8BC4-5CD0E8E4582C}.Debug|Any CPU.Build.0 = Debug|Any CPU
		{BCBB0573-B07A-4787-8BC4-5CD0E8E4582C}.Debug|x64.ActiveCfg = Debug|Any CPU
		{BCBB0573-B07A-4787-8BC4-5CD0E8E4582C}.Debug|x64.Build.0 = Debug|Any CPU
		{BCBB0573-B07A-4787-8BC4-5CD0E8E4582C}.Debug|x86.ActiveCfg = Debug|Any CPU
		{BCBB0573-B07A-4787-8BC4-5CD0E8E4582C}.Debug|x86.Build.0 = Debug|Any CPU
		{BCBB0573-B07A-4787-8BC4-5CD0E8E4582C}.Release|Any CPU.ActiveCfg = Release|Any CPU
		{BCBB0573-B07A-4787-8BC4-5CD0E8E4582C}.Release|Any CPU.Build.0 = Release|Any CPU
		{BCBB0573-B07A-4787-8BC4-5CD0E8E4582C}.Release|x64.ActiveCfg = Release|Any CPU
		{BCBB0573-B07A-4787-8BC4-5CD0E8E4582C}.Release|x64.Build.0 = Release|Any CPU
		{BCBB0573-B07A-4787-8BC4-5CD0E8E4582C}.Release|x86.ActiveCfg = Release|Any CPU
		{BCBB0573-B07A-4787-8BC4-5CD0E8E4582C}.Release|x86.Build.0 = Release|Any CPU
		{0DC83335-AEF0-4AB3-A23A-315646A38C3B}.Debug|Any CPU.ActiveCfg = Debug|Any CPU
		{0DC83335-AEF0-4AB3-A23A-315646A38C3B}.Debug|Any CPU.Build.0 = Debug|Any CPU
		{0DC83335-AEF0-4AB3-A23A-315646A38C3B}.Debug|x64.ActiveCfg = Debug|Any CPU
		{0DC83335-AEF0-4AB3-A23A-315646A38C3B}.Debug|x64.Build.0 = Debug|Any CPU
		{0DC83335-AEF0-4AB3-A23A-315646A38C3B}.Debug|x86.ActiveCfg = Debug|Any CPU
		{0DC83335-AEF0-4AB3-A23A-315646A38C3B}.Debug|x86.Build.0 = Debug|Any CPU
		{0DC83335-AEF0-4AB3-A23A-315646A38C3B}.Release|Any CPU.ActiveCfg = Release|Any CPU
		{0DC83335-AEF0-4AB3-A23A-315646A38C3B}.Release|Any CPU.Build.0 = Release|Any CPU
		{0DC83335-AEF0-4AB3-A23A-315646A38C3B}.Release|x64.ActiveCfg = Release|Any CPU
		{0DC83335-AEF0-4AB3-A23A-315646A38C3B}.Release|x64.Build.0 = Release|Any CPU
		{0DC83335-AEF0-4AB3-A23A-315646A38C3B}.Release|x86.ActiveCfg = Release|Any CPU
		{0DC83335-AEF0-4AB3-A23A-315646A38C3B}.Release|x86.Build.0 = Release|Any CPU
		{4EC7A603-C952-420F-A070-243FF4041E51}.Debug|Any CPU.ActiveCfg = Debug|Any CPU
		{4EC7A603-C952-420F-A070-243FF4041E51}.Debug|Any CPU.Build.0 = Debug|Any CPU
		{4EC7A603-C952-420F-A070-243FF4041E51}.Debug|x64.ActiveCfg = Debug|Any CPU
		{4EC7A603-C952-420F-A070-243FF4041E51}.Debug|x64.Build.0 = Debug|Any CPU
		{4EC7A603-C952-420F-A070-243FF4041E51}.Debug|x86.ActiveCfg = Debug|Any CPU
		{4EC7A603-C952-420F-A070-243FF4041E51}.Debug|x86.Build.0 = Debug|Any CPU
		{4EC7A603-C952-420F-A070-243FF4041E51}.Release|Any CPU.ActiveCfg = Release|Any CPU
		{4EC7A603-C952-420F-A070-243FF4041E51}.Release|Any CPU.Build.0 = Release|Any CPU
		{4EC7A603-C952-420F-A070-243FF4041E51}.Release|x64.ActiveCfg = Release|Any CPU
		{4EC7A603-C952-420F-A070-243FF4041E51}.Release|x64.Build.0 = Release|Any CPU
		{4EC7A603-C952-420F-A070-243FF4041E51}.Release|x86.ActiveCfg = Release|Any CPU
		{4EC7A603-C952-420F-A070-243FF4041E51}.Release|x86.Build.0 = Release|Any CPU
		{3ED11ED5-CD42-45EB-88B4-396CB4090C64}.Debug|Any CPU.ActiveCfg = Debug|Any CPU
		{3ED11ED5-CD42-45EB-88B4-396CB4090C64}.Debug|Any CPU.Build.0 = Debug|Any CPU
		{3ED11ED5-CD42-45EB-88B4-396CB4090C64}.Debug|x64.ActiveCfg = Debug|Any CPU
		{3ED11ED5-CD42-45EB-88B4-396CB4090C64}.Debug|x64.Build.0 = Debug|Any CPU
		{3ED11ED5-CD42-45EB-88B4-396CB4090C64}.Debug|x86.ActiveCfg = Debug|Any CPU
		{3ED11ED5-CD42-45EB-88B4-396CB4090C64}.Debug|x86.Build.0 = Debug|Any CPU
		{3ED11ED5-CD42-45EB-88B4-396CB4090C64}.Release|Any CPU.ActiveCfg = Release|Any CPU
		{3ED11ED5-CD42-45EB-88B4-396CB4090C64}.Release|Any CPU.Build.0 = Release|Any CPU
		{3ED11ED5-CD42-45EB-88B4-396CB4090C64}.Release|x64.ActiveCfg = Release|Any CPU
		{3ED11ED5-CD42-45EB-88B4-396CB4090C64}.Release|x64.Build.0 = Release|Any CPU
		{3ED11ED5-CD42-45EB-88B4-396CB4090C64}.Release|x86.ActiveCfg = Release|Any CPU
		{3ED11ED5-CD42-45EB-88B4-396CB4090C64}.Release|x86.Build.0 = Release|Any CPU
		{983BF175-C7E2-415F-8242-7DC6318369C6}.Debug|Any CPU.ActiveCfg = Debug|Any CPU
		{983BF175-C7E2-415F-8242-7DC6318369C6}.Debug|Any CPU.Build.0 = Debug|Any CPU
		{983BF175-C7E2-415F-8242-7DC6318369C6}.Debug|x64.ActiveCfg = Debug|Any CPU
		{983BF175-C7E2-415F-8242-7DC6318369C6}.Debug|x64.Build.0 = Debug|Any CPU
		{983BF175-C7E2-415F-8242-7DC6318369C6}.Debug|x86.ActiveCfg = Debug|Any CPU
		{983BF175-C7E2-415F-8242-7DC6318369C6}.Debug|x86.Build.0 = Debug|Any CPU
		{983BF175-C7E2-415F-8242-7DC6318369C6}.Release|Any CPU.ActiveCfg = Release|Any CPU
		{983BF175-C7E2-415F-8242-7DC6318369C6}.Release|Any CPU.Build.0 = Release|Any CPU
		{983BF175-C7E2-415F-8242-7DC6318369C6}.Release|x64.ActiveCfg = Release|Any CPU
		{983BF175-C7E2-415F-8242-7DC6318369C6}.Release|x64.Build.0 = Release|Any CPU
		{983BF175-C7E2-415F-8242-7DC6318369C6}.Release|x86.ActiveCfg = Release|Any CPU
		{983BF175-C7E2-415F-8242-7DC6318369C6}.Release|x86.Build.0 = Release|Any CPU
		{1A455F83-827D-4DAE-AF23-433EBF754118}.Debug|Any CPU.ActiveCfg = Debug|Any CPU
		{1A455F83-827D-4DAE-AF23-433EBF754118}.Debug|Any CPU.Build.0 = Debug|Any CPU
		{1A455F83-827D-4DAE-AF23-433EBF754118}.Debug|x64.ActiveCfg = Debug|Any CPU
		{1A455F83-827D-4DAE-AF23-433EBF754118}.Debug|x64.Build.0 = Debug|Any CPU
		{1A455F83-827D-4DAE-AF23-433EBF754118}.Debug|x86.ActiveCfg = Debug|Any CPU
		{1A455F83-827D-4DAE-AF23-433EBF754118}.Debug|x86.Build.0 = Debug|Any CPU
		{1A455F83-827D-4DAE-AF23-433EBF754118}.Release|Any CPU.ActiveCfg = Release|Any CPU
		{1A455F83-827D-4DAE-AF23-433EBF754118}.Release|Any CPU.Build.0 = Release|Any CPU
		{1A455F83-827D-4DAE-AF23-433EBF754118}.Release|x64.ActiveCfg = Release|Any CPU
		{1A455F83-827D-4DAE-AF23-433EBF754118}.Release|x64.Build.0 = Release|Any CPU
		{1A455F83-827D-4DAE-AF23-433EBF754118}.Release|x86.ActiveCfg = Release|Any CPU
		{1A455F83-827D-4DAE-AF23-433EBF754118}.Release|x86.Build.0 = Release|Any CPU
		{C52540A1-6F86-41AF-AFE4-5C59FCEB4F9D}.Debug|Any CPU.ActiveCfg = Debug|Any CPU
		{C52540A1-6F86-41AF-AFE4-5C59FCEB4F9D}.Debug|Any CPU.Build.0 = Debug|Any CPU
		{C52540A1-6F86-41AF-AFE4-5C59FCEB4F9D}.Debug|x64.ActiveCfg = Debug|Any CPU
		{C52540A1-6F86-41AF-AFE4-5C59FCEB4F9D}.Debug|x64.Build.0 = Debug|Any CPU
		{C52540A1-6F86-41AF-AFE4-5C59FCEB4F9D}.Debug|x86.ActiveCfg = Debug|Any CPU
		{C52540A1-6F86-41AF-AFE4-5C59FCEB4F9D}.Debug|x86.Build.0 = Debug|Any CPU
		{C52540A1-6F86-41AF-AFE4-5C59FCEB4F9D}.Release|Any CPU.ActiveCfg = Release|Any CPU
		{C52540A1-6F86-41AF-AFE4-5C59FCEB4F9D}.Release|Any CPU.Build.0 = Release|Any CPU
		{C52540A1-6F86-41AF-AFE4-5C59FCEB4F9D}.Release|x64.ActiveCfg = Release|Any CPU
		{C52540A1-6F86-41AF-AFE4-5C59FCEB4F9D}.Release|x64.Build.0 = Release|Any CPU
		{C52540A1-6F86-41AF-AFE4-5C59FCEB4F9D}.Release|x86.ActiveCfg = Release|Any CPU
		{C52540A1-6F86-41AF-AFE4-5C59FCEB4F9D}.Release|x86.Build.0 = Release|Any CPU
		{549FFB80-17F0-4428-80A3-9E06E12F7CF0}.Debug|Any CPU.ActiveCfg = Debug|Any CPU
		{549FFB80-17F0-4428-80A3-9E06E12F7CF0}.Debug|Any CPU.Build.0 = Debug|Any CPU
		{549FFB80-17F0-4428-80A3-9E06E12F7CF0}.Debug|x64.ActiveCfg = Debug|Any CPU
		{549FFB80-17F0-4428-80A3-9E06E12F7CF0}.Debug|x64.Build.0 = Debug|Any CPU
		{549FFB80-17F0-4428-80A3-9E06E12F7CF0}.Debug|x86.ActiveCfg = Debug|Any CPU
		{549FFB80-17F0-4428-80A3-9E06E12F7CF0}.Debug|x86.Build.0 = Debug|Any CPU
		{549FFB80-17F0-4428-80A3-9E06E12F7CF0}.Release|Any CPU.ActiveCfg = Release|Any CPU
		{549FFB80-17F0-4428-80A3-9E06E12F7CF0}.Release|Any CPU.Build.0 = Release|Any CPU
		{549FFB80-17F0-4428-80A3-9E06E12F7CF0}.Release|x64.ActiveCfg = Release|Any CPU
		{549FFB80-17F0-4428-80A3-9E06E12F7CF0}.Release|x64.Build.0 = Release|Any CPU
		{549FFB80-17F0-4428-80A3-9E06E12F7CF0}.Release|x86.ActiveCfg = Release|Any CPU
		{549FFB80-17F0-4428-80A3-9E06E12F7CF0}.Release|x86.Build.0 = Release|Any CPU
		{C7DD6327-737F-4787-B74D-B85A58C307E1}.Debug|Any CPU.ActiveCfg = Debug|Any CPU
		{C7DD6327-737F-4787-B74D-B85A58C307E1}.Debug|Any CPU.Build.0 = Debug|Any CPU
		{C7DD6327-737F-4787-B74D-B85A58C307E1}.Debug|x64.ActiveCfg = Debug|Any CPU
		{C7DD6327-737F-4787-B74D-B85A58C307E1}.Debug|x64.Build.0 = Debug|Any CPU
		{C7DD6327-737F-4787-B74D-B85A58C307E1}.Debug|x86.ActiveCfg = Debug|Any CPU
		{C7DD6327-737F-4787-B74D-B85A58C307E1}.Debug|x86.Build.0 = Debug|Any CPU
		{C7DD6327-737F-4787-B74D-B85A58C307E1}.Release|Any CPU.ActiveCfg = Release|Any CPU
		{C7DD6327-737F-4787-B74D-B85A58C307E1}.Release|Any CPU.Build.0 = Release|Any CPU
		{C7DD6327-737F-4787-B74D-B85A58C307E1}.Release|x64.ActiveCfg = Release|Any CPU
		{C7DD6327-737F-4787-B74D-B85A58C307E1}.Release|x64.Build.0 = Release|Any CPU
		{C7DD6327-737F-4787-B74D-B85A58C307E1}.Release|x86.ActiveCfg = Release|Any CPU
		{C7DD6327-737F-4787-B74D-B85A58C307E1}.Release|x86.Build.0 = Release|Any CPU
		{B1B7272B-8D13-453E-A65A-DE0FC6AFF821}.Debug|Any CPU.ActiveCfg = Debug|Any CPU
		{B1B7272B-8D13-453E-A65A-DE0FC6AFF821}.Debug|Any CPU.Build.0 = Debug|Any CPU
		{B1B7272B-8D13-453E-A65A-DE0FC6AFF821}.Debug|x64.ActiveCfg = Debug|Any CPU
		{B1B7272B-8D13-453E-A65A-DE0FC6AFF821}.Debug|x64.Build.0 = Debug|Any CPU
		{B1B7272B-8D13-453E-A65A-DE0FC6AFF821}.Debug|x86.ActiveCfg = Debug|Any CPU
		{B1B7272B-8D13-453E-A65A-DE0FC6AFF821}.Debug|x86.Build.0 = Debug|Any CPU
		{B1B7272B-8D13-453E-A65A-DE0FC6AFF821}.Release|Any CPU.ActiveCfg = Release|Any CPU
		{B1B7272B-8D13-453E-A65A-DE0FC6AFF821}.Release|Any CPU.Build.0 = Release|Any CPU
		{B1B7272B-8D13-453E-A65A-DE0FC6AFF821}.Release|x64.ActiveCfg = Release|Any CPU
		{B1B7272B-8D13-453E-A65A-DE0FC6AFF821}.Release|x64.Build.0 = Release|Any CPU
		{B1B7272B-8D13-453E-A65A-DE0FC6AFF821}.Release|x86.ActiveCfg = Release|Any CPU
		{B1B7272B-8D13-453E-A65A-DE0FC6AFF821}.Release|x86.Build.0 = Release|Any CPU
	EndGlobalSection
	GlobalSection(SolutionProperties) = preSolution
		HideSolutionNode = FALSE
	EndGlobalSection
	GlobalSection(NestedProjects) = preSolution
		{BCBB0573-B07A-4787-8BC4-5CD0E8E4582C} = {827E0CD3-B72D-47B6-A68D-7590B98EB39B}
		{0DC83335-AEF0-4AB3-A23A-315646A38C3B} = {827E0CD3-B72D-47B6-A68D-7590B98EB39B}
		{4EC7A603-C952-420F-A070-243FF4041E51} = {827E0CD3-B72D-47B6-A68D-7590B98EB39B}
		{3ED11ED5-CD42-45EB-88B4-396CB4090C64} = {827E0CD3-B72D-47B6-A68D-7590B98EB39B}
		{983BF175-C7E2-415F-8242-7DC6318369C6} = {0AB3BF05-4346-4AA6-1389-037BE0695223}
		{1A455F83-827D-4DAE-AF23-433EBF754118} = {0AB3BF05-4346-4AA6-1389-037BE0695223}
		{C52540A1-6F86-41AF-AFE4-5C59FCEB4F9D} = {0AB3BF05-4346-4AA6-1389-037BE0695223}
		{549FFB80-17F0-4428-80A3-9E06E12F7CF0} = {66320409-64EC-F7C5-3DEF-65E7510DAAD1}
		{C7DD6327-737F-4787-B74D-B85A58C307E1} = {827E0CD3-B72D-47B6-A68D-7590B98EB39B}
		{B1B7272B-8D13-453E-A65A-DE0FC6AFF821} = {827E0CD3-B72D-47B6-A68D-7590B98EB39B}
	EndGlobalSection
EndGlobal
